
Microsoft Visual Studio Solution File, Format Version 12.00
# Visual Studio Version 17
VisualStudioVersion = 17.1.32328.378
MinimumVisualStudioVersion = 10.0.40219.1
Project("{8BC9CEB8-8B4A-11D0-8D11-00A0C91BC942}") = "OOP 4.1", "OOP 4.1\OOP 4.1.vcxproj", "{58504BA3-A9B8-45B0-988B-1537748C2FFD}"
EndProject
Project("{8BC9CEB8-8B4A-11D0-8D11-00A0C91BC942}") = "UT OOP 4.1", "UT OOP 4.1\UT OOP 4.1.vcxproj", "{BA799F39-D86C-405D-B1F5-292C1D536F40}"
EndProject
Global
	GlobalSection(SolutionConfigurationPlatforms) = preSolution
		Debug|x64 = Debug|x64
		Debug|x86 = Debug|x86
		Release|x64 = Release|x64
		Release|x86 = Release|x86
	EndGlobalSection
	GlobalSection(ProjectConfigurationPlatforms) = postSolution
		{58504BA3-A9B8-45B0-988B-1537748C2FFD}.Debug|x64.ActiveCfg = Debug|x64
		{58504BA3-A9B8-45B0-988B-1537748C2FFD}.Debug|x64.Build.0 = Debug|x64
		{58504BA3-A9B8-45B0-988B-1537748C2FFD}.Debug|x86.ActiveCfg = Debug|Win32
		{58504BA3-A9B8-45B0-988B-1537748C2FFD}.Debug|x86.Build.0 = Debug|Win32
		{58504BA3-A9B8-45B0-988B-1537748C2FFD}.Release|x64.ActiveCfg = Release|x64
		{58504BA3-A9B8-45B0-988B-1537748C2FFD}.Release|x64.Build.0 = Release|x64
		{58504BA3-A9B8-45B0-988B-1537748C2FFD}.Release|x86.ActiveCfg = Release|Win32
		{58504BA3-A9B8-45B0-988B-1537748C2FFD}.Release|x86.Build.0 = Release|Win32
		{BA799F39-D86C-405D-B1F5-292C1D536F40}.Debug|x64.ActiveCfg = Debug|x64
		{BA799F39-D86C-405D-B1F5-292C1D536F40}.Debug|x64.Build.0 = Debug|x64
		{BA799F39-D86C-405D-B1F5-292C1D536F40}.Debug|x86.ActiveCfg = Debug|Win32
		{BA799F39-D86C-405D-B1F5-292C1D536F40}.Debug|x86.Build.0 = Debug|Win32
		{BA799F39-D86C-405D-B1F5-292C1D536F40}.Release|x64.ActiveCfg = Release|x64
		{BA799F39-D86C-405D-B1F5-292C1D536F40}.Release|x64.Build.0 = Release|x64
		{BA799F39-D86C-405D-B1F5-292C1D536F40}.Release|x86.ActiveCfg = Release|Win32
		{BA799F39-D86C-405D-B1F5-292C1D536F40}.Release|x86.Build.0 = Release|Win32
	EndGlobalSection
	GlobalSection(SolutionProperties) = preSolution
		HideSolutionNode = FALSE
	EndGlobalSection
	GlobalSection(ExtensibilityGlobals) = postSolution
		SolutionGuid = {37DF7F17-E5D9-4E41-96B7-A864AFE60256}
	EndGlobalSection
EndGlobal
